// !$*UTF8*$!
{
	archiveVersion = 1;
	classes = {
	};
	objectVersion = 56;
	objects = {

/* Begin PBXBuildFile section */
		5D6AEFDC2935484E00D0F375 /* Assets.xcassets in Resources */ = {isa = PBXBuildFile; fileRef = 5D6AEFDB2935484E00D0F375 /* Assets.xcassets */; };
		5D6AEFDF2935484E00D0F375 /* Preview Assets.xcassets in Resources */ = {isa = PBXBuildFile; fileRef = 5D6AEFDE2935484E00D0F375 /* Preview Assets.xcassets */; };
		5D6AF00C2935557300D0F375 /* MapViewModelTest.swift in Sources */ = {isa = PBXBuildFile; fileRef = 5D6AF00B2935557300D0F375 /* MapViewModelTest.swift */; };
		8D389982294B09EF009C49F3 /* MapView.swift in Sources */ = {isa = PBXBuildFile; fileRef = 8D38997F294B09EF009C49F3 /* MapView.swift */; };
		8D389983294B09EF009C49F3 /* MapViewModel.swift in Sources */ = {isa = PBXBuildFile; fileRef = 8D389980294B09EF009C49F3 /* MapViewModel.swift */; };
		8D389984294B09EF009C49F3 /* MyRadarMapApp.swift in Sources */ = {isa = PBXBuildFile; fileRef = 8D389981294B09EF009C49F3 /* MyRadarMapApp.swift */; };
		8D389987294B0A18009C49F3 /* NetworkService.swift in Sources */ = {isa = PBXBuildFile; fileRef = 8D389986294B0A18009C49F3 /* NetworkService.swift */; };
		8D389989294B0A52009C49F3 /* NetworkServicing.swift in Sources */ = {isa = PBXBuildFile; fileRef = 8D389988294B0A52009C49F3 /* NetworkServicing.swift */; };
		8D38998B294B0DBB009C49F3 /* NetworkResponseProcessor.swift in Sources */ = {isa = PBXBuildFile; fileRef = 8D38998A294B0DBB009C49F3 /* NetworkResponseProcessor.swift */; };
		8D38998D294B1233009C49F3 /* URLSessionMock.swift in Sources */ = {isa = PBXBuildFile; fileRef = 8D38998C294B1233009C49F3 /* URLSessionMock.swift */; };
		8D389990294B13CD009C49F3 /* testData.json in Resources */ = {isa = PBXBuildFile; fileRef = 8D38998F294B13CD009C49F3 /* testData.json */; };
		8D389993294B1517009C49F3 /* Feature.swift in Sources */ = {isa = PBXBuildFile; fileRef = 8D389992294B1517009C49F3 /* Feature.swift */; };
		8D389995294B1934009C49F3 /* FeatureCollection.swift in Sources */ = {isa = PBXBuildFile; fileRef = 8D389994294B1934009C49F3 /* FeatureCollection.swift */; };
		8D389997294B8967009C49F3 /* LocationsNetworkService.swift in Sources */ = {isa = PBXBuildFile; fileRef = 8D389996294B8967009C49F3 /* LocationsNetworkService.swift */; };
		8DEF42B6294BAA7500F65142 /* LocationPin.swift in Sources */ = {isa = PBXBuildFile; fileRef = 8DEF42B5294BAA7500F65142 /* LocationPin.swift */; };
		8DEF42B8294C3BB100F65142 /* PinAnnotationView.swift in Sources */ = {isa = PBXBuildFile; fileRef = 8DEF42B7294C3BB100F65142 /* PinAnnotationView.swift */; };
/* End PBXBuildFile section */

/* Begin PBXContainerItemProxy section */
		5D6AEFE52935484F00D0F375 /* PBXContainerItemProxy */ = {
			isa = PBXContainerItemProxy;
			containerPortal = 5D6AEFCC2935484E00D0F375 /* Project object */;
			proxyType = 1;
			remoteGlobalIDString = 5D6AEFD32935484E00D0F375;
			remoteInfo = MyRadarMap;
		};
/* End PBXContainerItemProxy section */

/* Begin PBXFileReference section */
		5D6AEFD42935484E00D0F375 /* MyRadarMap.app */ = {isa = PBXFileReference; explicitFileType = wrapper.application; includeInIndex = 0; path = MyRadarMap.app; sourceTree = BUILT_PRODUCTS_DIR; };
		5D6AEFDB2935484E00D0F375 /* Assets.xcassets */ = {isa = PBXFileReference; lastKnownFileType = folder.assetcatalog; path = Assets.xcassets; sourceTree = "<group>"; };
		5D6AEFDE2935484E00D0F375 /* Preview Assets.xcassets */ = {isa = PBXFileReference; lastKnownFileType = folder.assetcatalog; path = "Preview Assets.xcassets"; sourceTree = "<group>"; };
		5D6AEFE42935484F00D0F375 /* MyRadarMapTests.xctest */ = {isa = PBXFileReference; explicitFileType = wrapper.cfbundle; includeInIndex = 0; path = MyRadarMapTests.xctest; sourceTree = BUILT_PRODUCTS_DIR; };
		5D6AF00B2935557300D0F375 /* MapViewModelTest.swift */ = {isa = PBXFileReference; lastKnownFileType = sourcecode.swift; path = MapViewModelTest.swift; sourceTree = "<group>"; };
		5D6AF00D29364FBD00D0F375 /* README.md */ = {isa = PBXFileReference; lastKnownFileType = net.daringfireball.markdown; path = README.md; sourceTree = "<group>"; };
		8D38997F294B09EF009C49F3 /* MapView.swift */ = {isa = PBXFileReference; fileEncoding = 4; lastKnownFileType = sourcecode.swift; path = MapView.swift; sourceTree = "<group>"; };
		8D389980294B09EF009C49F3 /* MapViewModel.swift */ = {isa = PBXFileReference; fileEncoding = 4; lastKnownFileType = sourcecode.swift; path = MapViewModel.swift; sourceTree = "<group>"; };
		8D389981294B09EF009C49F3 /* MyRadarMapApp.swift */ = {isa = PBXFileReference; fileEncoding = 4; lastKnownFileType = sourcecode.swift; path = MyRadarMapApp.swift; sourceTree = "<group>"; };
		8D389986294B0A18009C49F3 /* NetworkService.swift */ = {isa = PBXFileReference; lastKnownFileType = sourcecode.swift; path = NetworkService.swift; sourceTree = "<group>"; };
		8D389988294B0A52009C49F3 /* NetworkServicing.swift */ = {isa = PBXFileReference; lastKnownFileType = sourcecode.swift; path = NetworkServicing.swift; sourceTree = "<group>"; };
		8D38998A294B0DBB009C49F3 /* NetworkResponseProcessor.swift */ = {isa = PBXFileReference; lastKnownFileType = sourcecode.swift; path = NetworkResponseProcessor.swift; sourceTree = "<group>"; };
		8D38998C294B1233009C49F3 /* URLSessionMock.swift */ = {isa = PBXFileReference; lastKnownFileType = sourcecode.swift; path = URLSessionMock.swift; sourceTree = "<group>"; };
		8D38998F294B13CD009C49F3 /* testData.json */ = {isa = PBXFileReference; fileEncoding = 4; lastKnownFileType = text.json; path = testData.json; sourceTree = "<group>"; };
		8D389992294B1517009C49F3 /* Feature.swift */ = {isa = PBXFileReference; lastKnownFileType = sourcecode.swift; path = Feature.swift; sourceTree = "<group>"; };
		8D389994294B1934009C49F3 /* FeatureCollection.swift */ = {isa = PBXFileReference; lastKnownFileType = sourcecode.swift; path = FeatureCollection.swift; sourceTree = "<group>"; };
		8D389996294B8967009C49F3 /* LocationsNetworkService.swift */ = {isa = PBXFileReference; lastKnownFileType = sourcecode.swift; path = LocationsNetworkService.swift; sourceTree = "<group>"; };
		8DEF42B5294BAA7500F65142 /* LocationPin.swift */ = {isa = PBXFileReference; lastKnownFileType = sourcecode.swift; path = LocationPin.swift; sourceTree = "<group>"; };
		8DEF42B7294C3BB100F65142 /* PinAnnotationView.swift */ = {isa = PBXFileReference; lastKnownFileType = sourcecode.swift; path = PinAnnotationView.swift; sourceTree = "<group>"; };
/* End PBXFileReference section */

/* Begin PBXFrameworksBuildPhase section */
		5D6AEFD12935484E00D0F375 /* Frameworks */ = {
			isa = PBXFrameworksBuildPhase;
			buildActionMask = 2147483647;
			files = (
			);
			runOnlyForDeploymentPostprocessing = 0;
		};
		5D6AEFE12935484F00D0F375 /* Frameworks */ = {
			isa = PBXFrameworksBuildPhase;
			buildActionMask = 2147483647;
			files = (
			);
			runOnlyForDeploymentPostprocessing = 0;
		};
/* End PBXFrameworksBuildPhase section */

/* Begin PBXGroup section */
		5D6AEFCB2935484E00D0F375 = {
			isa = PBXGroup;
			children = (
				5D6AF00D29364FBD00D0F375 /* README.md */,
				5D6AEFD62935484E00D0F375 /* MyRadarMap */,
				5D6AEFE72935484F00D0F375 /* MyRadarMapTests */,
				5D6AEFD52935484E00D0F375 /* Products */,
			);
			sourceTree = "<group>";
		};
		5D6AEFD52935484E00D0F375 /* Products */ = {
			isa = PBXGroup;
			children = (
				5D6AEFD42935484E00D0F375 /* MyRadarMap.app */,
				5D6AEFE42935484F00D0F375 /* MyRadarMapTests.xctest */,
			);
			name = Products;
			sourceTree = "<group>";
		};
		5D6AEFD62935484E00D0F375 /* MyRadarMap */ = {
			isa = PBXGroup;
			children = (
				8D38997E294B09EF009C49F3 /* Source */,
				5D6AEFDB2935484E00D0F375 /* Assets.xcassets */,
				5D6AEFDD2935484E00D0F375 /* Preview Content */,
			);
			path = MyRadarMap;
			sourceTree = "<group>";
		};
		5D6AEFDD2935484E00D0F375 /* Preview Content */ = {
			isa = PBXGroup;
			children = (
				5D6AEFDE2935484E00D0F375 /* Preview Assets.xcassets */,
			);
			path = "Preview Content";
			sourceTree = "<group>";
		};
		5D6AEFE72935484F00D0F375 /* MyRadarMapTests */ = {
			isa = PBXGroup;
			children = (
				8D38998F294B13CD009C49F3 /* testData.json */,
				8D38998C294B1233009C49F3 /* URLSessionMock.swift */,
				5D6AF00B2935557300D0F375 /* MapViewModelTest.swift */,
			);
			path = MyRadarMapTests;
			sourceTree = "<group>";
		};
		8D38997E294B09EF009C49F3 /* Source */ = {
			isa = PBXGroup;
			children = (
				8D389991294B14BA009C49F3 /* Models */,
				8D389985294B0A11009C49F3 /* NetworkService */,
				8D389980294B09EF009C49F3 /* MapViewModel.swift */,
				8D38997F294B09EF009C49F3 /* MapView.swift */,
				8D389981294B09EF009C49F3 /* MyRadarMapApp.swift */,
				8DEF42B7294C3BB100F65142 /* PinAnnotationView.swift */,
			);
			path = Source;
			sourceTree = "<group>";
		};
		8D389985294B0A11009C49F3 /* NetworkService */ = {
			isa = PBXGroup;
			children = (
				8D389988294B0A52009C49F3 /* NetworkServicing.swift */,
				8D389986294B0A18009C49F3 /* NetworkService.swift */,
				8D38998A294B0DBB009C49F3 /* NetworkResponseProcessor.swift */,
				8D389996294B8967009C49F3 /* LocationsNetworkService.swift */,
			);
			path = NetworkService;
			sourceTree = "<group>";
		};
		8D389991294B14BA009C49F3 /* Models */ = {
			isa = PBXGroup;
			children = (
				8D389994294B1934009C49F3 /* FeatureCollection.swift */,
				8D389992294B1517009C49F3 /* Feature.swift */,
				8DEF42B5294BAA7500F65142 /* LocationPin.swift */,
			);
			path = Models;
			sourceTree = "<group>";
		};
/* End PBXGroup section */

/* Begin PBXNativeTarget section */
		5D6AEFD32935484E00D0F375 /* MyRadarMap */ = {
			isa = PBXNativeTarget;
			buildConfigurationList = 5D6AEFF82935484F00D0F375 /* Build configuration list for PBXNativeTarget "MyRadarMap" */;
			buildPhases = (
				5D6AEFD02935484E00D0F375 /* Sources */,
				5D6AEFD12935484E00D0F375 /* Frameworks */,
				5D6AEFD22935484E00D0F375 /* Resources */,
			);
			buildRules = (
			);
			dependencies = (
			);
			name = MyRadarMap;
			productName = MyRadarMap;
			productReference = 5D6AEFD42935484E00D0F375 /* MyRadarMap.app */;
			productType = "com.apple.product-type.application";
		};
		5D6AEFE32935484F00D0F375 /* MyRadarMapTests */ = {
			isa = PBXNativeTarget;
			buildConfigurationList = 5D6AEFFB2935484F00D0F375 /* Build configuration list for PBXNativeTarget "MyRadarMapTests" */;
			buildPhases = (
				5D6AEFE02935484F00D0F375 /* Sources */,
				5D6AEFE12935484F00D0F375 /* Frameworks */,
				5D6AEFE22935484F00D0F375 /* Resources */,
			);
			buildRules = (
			);
			dependencies = (
				5D6AEFE62935484F00D0F375 /* PBXTargetDependency */,
			);
			name = MyRadarMapTests;
			productName = MyRadarMapTests;
			productReference = 5D6AEFE42935484F00D0F375 /* MyRadarMapTests.xctest */;
			productType = "com.apple.product-type.bundle.unit-test";
		};
/* End PBXNativeTarget section */

/* Begin PBXProject section */
		5D6AEFCC2935484E00D0F375 /* Project object */ = {
			isa = PBXProject;
			attributes = {
				BuildIndependentTargetsInParallel = 1;
				LastSwiftUpdateCheck = 1400;
				LastUpgradeCheck = 1400;
				TargetAttributes = {
					5D6AEFD32935484E00D0F375 = {
						CreatedOnToolsVersion = 14.0.1;
					};
					5D6AEFE32935484F00D0F375 = {
						CreatedOnToolsVersion = 14.0.1;
						LastSwiftMigration = 1400;
						TestTargetID = 5D6AEFD32935484E00D0F375;
					};
				};
			};
			buildConfigurationList = 5D6AEFCF2935484E00D0F375 /* Build configuration list for PBXProject "MyRadarMap" */;
			compatibilityVersion = "Xcode 14.0";
			developmentRegion = en;
			hasScannedForEncodings = 0;
			knownRegions = (
				en,
				Base,
			);
			mainGroup = 5D6AEFCB2935484E00D0F375;
			productRefGroup = 5D6AEFD52935484E00D0F375 /* Products */;
			projectDirPath = "";
			projectRoot = "";
			targets = (
				5D6AEFD32935484E00D0F375 /* MyRadarMap */,
				5D6AEFE32935484F00D0F375 /* MyRadarMapTests */,
			);
		};
/* End PBXProject section */

/* Begin PBXResourcesBuildPhase section */
		5D6AEFD22935484E00D0F375 /* Resources */ = {
			isa = PBXResourcesBuildPhase;
			buildActionMask = 2147483647;
			files = (
				5D6AEFDF2935484E00D0F375 /* Preview Assets.xcassets in Resources */,
				5D6AEFDC2935484E00D0F375 /* Assets.xcassets in Resources */,
			);
			runOnlyForDeploymentPostprocessing = 0;
		};
		5D6AEFE22935484F00D0F375 /* Resources */ = {
			isa = PBXResourcesBuildPhase;
			buildActionMask = 2147483647;
			files = (
				8D389990294B13CD009C49F3 /* testData.json in Resources */,
			);
			runOnlyForDeploymentPostprocessing = 0;
		};
/* End PBXResourcesBuildPhase section */

/* Begin PBXSourcesBuildPhase section */
		5D6AEFD02935484E00D0F375 /* Sources */ = {
			isa = PBXSourcesBuildPhase;
			buildActionMask = 2147483647;
			files = (
				8D389982294B09EF009C49F3 /* MapView.swift in Sources */,
				8D389993294B1517009C49F3 /* Feature.swift in Sources */,
				8D389997294B8967009C49F3 /* LocationsNetworkService.swift in Sources */,
				8D389995294B1934009C49F3 /* FeatureCollection.swift in Sources */,
				8D389984294B09EF009C49F3 /* MyRadarMapApp.swift in Sources */,
				8D389987294B0A18009C49F3 /* NetworkService.swift in Sources */,
				8DEF42B8294C3BB100F65142 /* PinAnnotationView.swift in Sources */,
				8DEF42B6294BAA7500F65142 /* LocationPin.swift in Sources */,
				8D389983294B09EF009C49F3 /* MapViewModel.swift in Sources */,
				8D38998B294B0DBB009C49F3 /* NetworkResponseProcessor.swift in Sources */,
				8D389989294B0A52009C49F3 /* NetworkServicing.swift in Sources */,
			);
			runOnlyForDeploymentPostprocessing = 0;
		};
		5D6AEFE02935484F00D0F375 /* Sources */ = {
			isa = PBXSourcesBuildPhase;
			buildActionMask = 2147483647;
			files = (
				8D38998D294B1233009C49F3 /* URLSessionMock.swift in Sources */,
				5D6AF00C2935557300D0F375 /* MapViewModelTest.swift in Sources */,
			);
			runOnlyForDeploymentPostprocessing = 0;
		};
/* End PBXSourcesBuildPhase section */

/* Begin PBXTargetDependency section */
		5D6AEFE62935484F00D0F375 /* PBXTargetDependency */ = {
			isa = PBXTargetDependency;
			target = 5D6AEFD32935484E00D0F375 /* MyRadarMap */;
			targetProxy = 5D6AEFE52935484F00D0F375 /* PBXContainerItemProxy */;
		};
/* End PBXTargetDependency section */

/* Begin XCBuildConfiguration section */
		5D6AEFF62935484F00D0F375 /* Debug */ = {
			isa = XCBuildConfiguration;
			buildSettings = {
				ALWAYS_SEARCH_USER_PATHS = NO;
				CLANG_ANALYZER_NONNULL = YES;
				CLANG_ANALYZER_NUMBER_OBJECT_CONVERSION = YES_AGGRESSIVE;
				CLANG_CXX_LANGUAGE_STANDARD = "gnu++20";
				CLANG_ENABLE_MODULES = YES;
				CLANG_ENABLE_OBJC_ARC = YES;
				CLANG_ENABLE_OBJC_WEAK = YES;
				CLANG_WARN_BLOCK_CAPTURE_AUTORELEASING = YES;
				CLANG_WARN_BOOL_CONVERSION = YES;
				CLANG_WARN_COMMA = YES;
				CLANG_WARN_CONSTANT_CONVERSION = YES;
				CLANG_WARN_DEPRECATED_OBJC_IMPLEMENTATIONS = YES;
				CLANG_WARN_DIRECT_OBJC_ISA_USAGE = YES_ERROR;
				CLANG_WARN_DOCUMENTATION_COMMENTS = YES;
				CLANG_WARN_EMPTY_BODY = YES;
				CLANG_WARN_ENUM_CONVERSION = YES;
				CLANG_WARN_INFINITE_RECURSION = YES;
				CLANG_WARN_INT_CONVERSION = YES;
				CLANG_WARN_NON_LITERAL_NULL_CONVERSION = YES;
				CLANG_WARN_OBJC_IMPLICIT_RETAIN_SELF = YES;
				CLANG_WARN_OBJC_LITERAL_CONVERSION = YES;
				CLANG_WARN_OBJC_ROOT_CLASS = YES_ERROR;
				CLANG_WARN_QUOTED_INCLUDE_IN_FRAMEWORK_HEADER = YES;
				CLANG_WARN_RANGE_LOOP_ANALYSIS = YES;
				CLANG_WARN_STRICT_PROTOTYPES = YES;
				CLANG_WARN_SUSPICIOUS_MOVE = YES;
				CLANG_WARN_UNGUARDED_AVAILABILITY = YES_AGGRESSIVE;
				CLANG_WARN_UNREACHABLE_CODE = YES;
				CLANG_WARN__DUPLICATE_METHOD_MATCH = YES;
				COPY_PHASE_STRIP = NO;
				DEBUG_INFORMATION_FORMAT = dwarf;
				ENABLE_STRICT_OBJC_MSGSEND = YES;
				ENABLE_TESTABILITY = YES;
				GCC_C_LANGUAGE_STANDARD = gnu11;
				GCC_DYNAMIC_NO_PIC = NO;
				GCC_NO_COMMON_BLOCKS = YES;
				GCC_OPTIMIZATION_LEVEL = 0;
				GCC_PREPROCESSOR_DEFINITIONS = (
					"DEBUG=1",
					"$(inherited)",
				);
				GCC_WARN_64_TO_32_BIT_CONVERSION = YES;
				GCC_WARN_ABOUT_RETURN_TYPE = YES_ERROR;
				GCC_WARN_UNDECLARED_SELECTOR = YES;
				GCC_WARN_UNINITIALIZED_AUTOS = YES_AGGRESSIVE;
				GCC_WARN_UNUSED_FUNCTION = YES;
				GCC_WARN_UNUSED_VARIABLE = YES;
				IPHONEOS_DEPLOYMENT_TARGET = 16.0;
				MTL_ENABLE_DEBUG_INFO = INCLUDE_SOURCE;
				MTL_FAST_MATH = YES;
				ONLY_ACTIVE_ARCH = YES;
				SDKROOT = iphoneos;
				SWIFT_ACTIVE_COMPILATION_CONDITIONS = DEBUG;
				SWIFT_OPTIMIZATION_LEVEL = "-Onone";
			};
			name = Debug;
		};
		5D6AEFF72935484F00D0F375 /* Release */ = {
			isa = XCBuildConfiguration;
			buildSettings = {
				ALWAYS_SEARCH_USER_PATHS = NO;
				CLANG_ANALYZER_NONNULL = YES;
				CLANG_ANALYZER_NUMBER_OBJECT_CONVERSION = YES_AGGRESSIVE;
				CLANG_CXX_LANGUAGE_STANDARD = "gnu++20";
				CLANG_ENABLE_MODULES = YES;
				CLANG_ENABLE_OBJC_ARC = YES;
				CLANG_ENABLE_OBJC_WEAK = YES;
				CLANG_WARN_BLOCK_CAPTURE_AUTORELEASING = YES;
				CLANG_WARN_BOOL_CONVERSION = YES;
				CLANG_WARN_COMMA = YES;
				CLANG_WARN_CONSTANT_CONVERSION = YES;
				CLANG_WARN_DEPRECATED_OBJC_IMPLEMENTATIONS = YES;
				CLANG_WARN_DIRECT_OBJC_ISA_USAGE = YES_ERROR;
				CLANG_WARN_DOCUMENTATION_COMMENTS = YES;
				CLANG_WARN_EMPTY_BODY = YES;
				CLANG_WARN_ENUM_CONVERSION = YES;
				CLANG_WARN_INFINITE_RECURSION = YES;
				CLANG_WARN_INT_CONVERSION = YES;
				CLANG_WARN_NON_LITERAL_NULL_CONVERSION = YES;
				CLANG_WARN_OBJC_IMPLICIT_RETAIN_SELF = YES;
				CLANG_WARN_OBJC_LITERAL_CONVERSION = YES;
				CLANG_WARN_OBJC_ROOT_CLASS = YES_ERROR;
				CLANG_WARN_QUOTED_INCLUDE_IN_FRAMEWORK_HEADER = YES;
				CLANG_WARN_RANGE_LOOP_ANALYSIS = YES;
				CLANG_WARN_STRICT_PROTOTYPES = YES;
				CLANG_WARN_SUSPICIOUS_MOVE = YES;
				CLANG_WARN_UNGUARDED_AVAILABILITY = YES_AGGRESSIVE;
				CLANG_WARN_UNREACHABLE_CODE = YES;
				CLANG_WARN__DUPLICATE_METHOD_MATCH = YES;
				COPY_PHASE_STRIP = NO;
				DEBUG_INFORMATION_FORMAT = "dwarf-with-dsym";
				ENABLE_NS_ASSERTIONS = NO;
				ENABLE_STRICT_OBJC_MSGSEND = YES;
				GCC_C_LANGUAGE_STANDARD = gnu11;
				GCC_NO_COMMON_BLOCKS = YES;
				GCC_WARN_64_TO_32_BIT_CONVERSION = YES;
				GCC_WARN_ABOUT_RETURN_TYPE = YES_ERROR;
				GCC_WARN_UNDECLARED_SELECTOR = YES;
				GCC_WARN_UNINITIALIZED_AUTOS = YES_AGGRESSIVE;
				GCC_WARN_UNUSED_FUNCTION = YES;
				GCC_WARN_UNUSED_VARIABLE = YES;
				IPHONEOS_DEPLOYMENT_TARGET = 16.0;
				MTL_ENABLE_DEBUG_INFO = NO;
				MTL_FAST_MATH = YES;
				SDKROOT = iphoneos;
				SWIFT_COMPILATION_MODE = wholemodule;
				SWIFT_OPTIMIZATION_LEVEL = "-O";
				VALIDATE_PRODUCT = YES;
			};
			name = Release;
		};
		5D6AEFF92935484F00D0F375 /* Debug */ = {
			isa = XCBuildConfiguration;
			buildSettings = {
				ASSETCATALOG_COMPILER_APPICON_NAME = AppIcon;
				ASSETCATALOG_COMPILER_GLOBAL_ACCENT_COLOR_NAME = AccentColor;
				CODE_SIGN_STYLE = Automatic;
				CURRENT_PROJECT_VERSION = 1;
				DEVELOPMENT_ASSET_PATHS = "\"MyRadarMap/Preview Content\"";
				DEVELOPMENT_TEAM = PAJ97769R6;
				ENABLE_PREVIEWS = YES;
				GENERATE_INFOPLIST_FILE = YES;
				INFOPLIST_KEY_UIApplicationSceneManifest_Generation = YES;
				INFOPLIST_KEY_UIApplicationSupportsIndirectInputEvents = YES;
				INFOPLIST_KEY_UILaunchScreen_Generation = YES;
				INFOPLIST_KEY_UISupportedInterfaceOrientations_iPad = "UIInterfaceOrientationPortrait UIInterfaceOrientationPortraitUpsideDown UIInterfaceOrientationLandscapeLeft UIInterfaceOrientationLandscapeRight";
				INFOPLIST_KEY_UISupportedInterfaceOrientations_iPhone = "UIInterfaceOrientationPortrait UIInterfaceOrientationLandscapeLeft UIInterfaceOrientationLandscapeRight";
				LD_RUNPATH_SEARCH_PATHS = (
					"$(inherited)",
					"@executable_path/Frameworks",
				);
				MARKETING_VERSION = 1.0;
				PRODUCT_BUNDLE_IDENTIFIER = com.acmeaom.assessments.MyRadarMap.James;
				PRODUCT_NAME = "$(TARGET_NAME)";
				PROVISIONING_PROFILE_SPECIFIER = "";
				SWIFT_EMIT_LOC_STRINGS = YES;
				SWIFT_VERSION = 5.0;
				TARGETED_DEVICE_FAMILY = "1,2";
			};
			name = Debug;
		};
		5D6AEFFA2935484F00D0F375 /* Release */ = {
			isa = XCBuildConfiguration;
			buildSettings = {
				ASSETCATALOG_COMPILER_APPICON_NAME = AppIcon;
				ASSETCATALOG_COMPILER_GLOBAL_ACCENT_COLOR_NAME = AccentColor;
				CODE_SIGN_STYLE = Automatic;
				CURRENT_PROJECT_VERSION = 1;
				DEVELOPMENT_ASSET_PATHS = "\"MyRadarMap/Preview Content\"";
				DEVELOPMENT_TEAM = PAJ97769R6;
				ENABLE_PREVIEWS = YES;
				GENERATE_INFOPLIST_FILE = YES;
				INFOPLIST_KEY_UIApplicationSceneManifest_Generation = YES;
				INFOPLIST_KEY_UIApplicationSupportsIndirectInputEvents = YES;
				INFOPLIST_KEY_UILaunchScreen_Generation = YES;
				INFOPLIST_KEY_UISupportedInterfaceOrientations_iPad = "UIInterfaceOrientationPortrait UIInterfaceOrientationPortraitUpsideDown UIInterfaceOrientationLandscapeLeft UIInterfaceOrientationLandscapeRight";
				INFOPLIST_KEY_UISupportedInterfaceOrientations_iPhone = "UIInterfaceOrientationPortrait UIInterfaceOrientationLandscapeLeft UIInterfaceOrientationLandscapeRight";
				LD_RUNPATH_SEARCH_PATHS = (
					"$(inherited)",
					"@executable_path/Frameworks",
				);
				MARKETING_VERSION = 1.0;
				PRODUCT_BUNDLE_IDENTIFIER = com.acmeaom.assessments.MyRadarMap.James;
				PRODUCT_NAME = "$(TARGET_NAME)";
				PROVISIONING_PROFILE_SPECIFIER = "";
				SWIFT_EMIT_LOC_STRINGS = YES;
				SWIFT_VERSION = 5.0;
				TARGETED_DEVICE_FAMILY = "1,2";
			};
			name = Release;
		};
		5D6AEFFC2935484F00D0F375 /* Debug */ = {
			isa = XCBuildConfiguration;
			buildSettings = {
				ALWAYS_EMBED_SWIFT_STANDARD_LIBRARIES = YES;
				BUNDLE_LOADER = "$(TEST_HOST)";
				CLANG_ENABLE_MODULES = YES;
				CODE_SIGN_STYLE = Automatic;
				CURRENT_PROJECT_VERSION = 1;
				DEVELOPMENT_TEAM = PAJ97769R6;
				GENERATE_INFOPLIST_FILE = YES;
				IPHONEOS_DEPLOYMENT_TARGET = 16.0;
				LD_RUNPATH_SEARCH_PATHS = (
					"$(inherited)",
					"@executable_path/Frameworks",
					"@loader_path/Frameworks",
				);
				MARKETING_VERSION = 1.0;
				PRODUCT_BUNDLE_IDENTIFIER = com.acmeaom.assessments.MyRadarMapTests;
				PRODUCT_NAME = "$(TARGET_NAME)";
				SWIFT_EMIT_LOC_STRINGS = NO;
				SWIFT_OPTIMIZATION_LEVEL = "-Onone";
				SWIFT_VERSION = 5.0;
				TARGETED_DEVICE_FAMILY = "1,2";
				TEST_HOST = "$(BUILT_PRODUCTS_DIR)/MyRadarMap.app/$(BUNDLE_EXECUTABLE_FOLDER_PATH)/MyRadarMap";
			};
			name = Debug;
		};
		5D6AEFFD2935484F00D0F375 /* Release */ = {
			isa = XCBuildConfiguration;
			buildSettings = {
				ALWAYS_EMBED_SWIFT_STANDARD_LIBRARIES = YES;
				BUNDLE_LOADER = "$(TEST_HOST)";
				CLANG_ENABLE_MODULES = YES;
				CODE_SIGN_STYLE = Automatic;
				CURRENT_PROJECT_VERSION = 1;
				DEVELOPMENT_TEAM = PAJ97769R6;
				GENERATE_INFOPLIST_FILE = YES;
				IPHONEOS_DEPLOYMENT_TARGET = 16.0;
				LD_RUNPATH_SEARCH_PATHS = (
					"$(inherited)",
					"@executable_path/Frameworks",
					"@loader_path/Frameworks",
				);
				MARKETING_VERSION = 1.0;
				PRODUCT_BUNDLE_IDENTIFIER = com.acmeaom.assessments.MyRadarMapTests;
				PRODUCT_NAME = "$(TARGET_NAME)";
				SWIFT_EMIT_LOC_STRINGS = NO;
				SWIFT_VERSION = 5.0;
				TARGETED_DEVICE_FAMILY = "1,2";
				TEST_HOST = "$(BUILT_PRODUCTS_DIR)/MyRadarMap.app/$(BUNDLE_EXECUTABLE_FOLDER_PATH)/MyRadarMap";
			};
			name = Release;
		};
/* End XCBuildConfiguration section */

/* Begin XCConfigurationList section */
		5D6AEFCF2935484E00D0F375 /* Build configuration list for PBXProject "MyRadarMap" */ = {
			isa = XCConfigurationList;
			buildConfigurations = (
				5D6AEFF62935484F00D0F375 /* Debug */,
				5D6AEFF72935484F00D0F375 /* Release */,
			);
			defaultConfigurationIsVisible = 0;
			defaultConfigurationName = Release;
		};
		5D6AEFF82935484F00D0F375 /* Build configuration list for PBXNativeTarget "MyRadarMap" */ = {
			isa = XCConfigurationList;
			buildConfigurations = (
				5D6AEFF92935484F00D0F375 /* Debug */,
				5D6AEFFA2935484F00D0F375 /* Release */,
			);
			defaultConfigurationIsVisible = 0;
			defaultConfigurationName = Release;
		};
		5D6AEFFB2935484F00D0F375 /* Build configuration list for PBXNativeTarget "MyRadarMapTests" */ = {
			isa = XCConfigurationList;
			buildConfigurations = (
				5D6AEFFC2935484F00D0F375 /* Debug */,
				5D6AEFFD2935484F00D0F375 /* Release */,
			);
			defaultConfigurationIsVisible = 0;
			defaultConfigurationName = Release;
		};
/* End XCConfigurationList section */
	};
	rootObject = 5D6AEFCC2935484E00D0F375 /* Project object */;
}
